// !$*UTF8*$!
{
	archiveVersion = 1;
	classes = {
	};
	objectVersion = 46;
	objects = {

/* Begin PBXBuildFile section */
		318F72F523DDBEAF00876069 /* main.cpp in Sources */ = {isa = PBXBuildFile; fileRef = 318F72F423DDBEAF00876069 /* main.cpp */; };
		318F730023DDC0CB00876069 /* heyting.cpp in Sources */ = {isa = PBXBuildFile; fileRef = 318F72FE23DDC0CB00876069 /* heyting.cpp */; };
		318F730323DEB71E00876069 /* tests.cpp in Sources */ = {isa = PBXBuildFile; fileRef = 318F730123DEB71E00876069 /* tests.cpp */; };
		318F730623DEC64600876069 /* prover.cpp in Sources */ = {isa = PBXBuildFile; fileRef = 318F730423DEC64600876069 /* prover.cpp */; };
/* End PBXBuildFile section */

/* Begin PBXCopyFilesBuildPhase section */
		318F72EF23DDBEAF00876069 /* CopyFiles */ = {
			isa = PBXCopyFilesBuildPhase;
			buildActionMask = 2147483647;
			dstPath = /usr/share/man/man1/;
			dstSubfolderSpec = 0;
			files = (
			);
			runOnlyForDeploymentPostprocessing = 1;
		};
/* End PBXCopyFilesBuildPhase section */

/* Begin PBXFileReference section */
		3122537323DEED49005EBC27 /* hashpair.hpp */ = {isa = PBXFileReference; lastKnownFileType = sourcecode.cpp.h; path = hashpair.hpp; sourceTree = "<group>"; };
		318F72F123DDBEAF00876069 /* automated-proving */ = {isa = PBXFileReference; explicitFileType = "compiled.mach-o.executable"; includeInIndex = 0; path = "automated-proving"; sourceTree = BUILT_PRODUCTS_DIR; };
		318F72F423DDBEAF00876069 /* main.cpp */ = {isa = PBXFileReference; lastKnownFileType = sourcecode.cpp.cpp; path = main.cpp; sourceTree = "<group>"; };
		318F72FE23DDC0CB00876069 /* heyting.cpp */ = {isa = PBXFileReference; fileEncoding = 4; lastKnownFileType = sourcecode.cpp.cpp; path = heyting.cpp; sourceTree = "<group>"; };
		318F72FF23DDC0CB00876069 /* heyting.hpp */ = {isa = PBXFileReference; fileEncoding = 4; lastKnownFileType = sourcecode.cpp.h; path = heyting.hpp; sourceTree = "<group>"; };
		318F730123DEB71E00876069 /* tests.cpp */ = {isa = PBXFileReference; fileEncoding = 4; lastKnownFileType = sourcecode.cpp.cpp; path = tests.cpp; sourceTree = "<group>"; };
		318F730223DEB71E00876069 /* tests.hpp */ = {isa = PBXFileReference; fileEncoding = 4; lastKnownFileType = sourcecode.cpp.h; path = tests.hpp; sourceTree = "<group>"; };
		318F730423DEC64600876069 /* prover.cpp */ = {isa = PBXFileReference; fileEncoding = 4; lastKnownFileType = sourcecode.cpp.cpp; path = prover.cpp; sourceTree = "<group>"; };
		318F730523DEC64600876069 /* prover.hpp */ = {isa = PBXFileReference; fileEncoding = 4; lastKnownFileType = sourcecode.cpp.h; path = prover.hpp; sourceTree = "<group>"; };
/* End PBXFileReference section */

/* Begin PBXFrameworksBuildPhase section */
		318F72EE23DDBEAF00876069 /* Frameworks */ = {
			isa = PBXFrameworksBuildPhase;
			buildActionMask = 2147483647;
			files = (
			);
			runOnlyForDeploymentPostprocessing = 0;
		};
/* End PBXFrameworksBuildPhase section */

/* Begin PBXGroup section */
		318F72E823DDBEAF00876069 = {
			isa = PBXGroup;
			children = (
				318F72F323DDBEAF00876069 /* automated-proving */,
				318F72F223DDBEAF00876069 /* Products */,
			);
			sourceTree = "<group>";
		};
		318F72F223DDBEAF00876069 /* Products */ = {
			isa = PBXGroup;
			children = (
				318F72F123DDBEAF00876069 /* automated-proving */,
			);
			name = Products;
			sourceTree = "<group>";
		};
		318F72F323DDBEAF00876069 /* automated-proving */ = {
			isa = PBXGroup;
			children = (
				318F72F423DDBEAF00876069 /* main.cpp */,
				318F72FE23DDC0CB00876069 /* heyting.cpp */,
				318F72FF23DDC0CB00876069 /* heyting.hpp */,
				318F730123DEB71E00876069 /* tests.cpp */,
				318F730223DEB71E00876069 /* tests.hpp */,
				318F730423DEC64600876069 /* prover.cpp */,
				318F730523DEC64600876069 /* prover.hpp */,
				3122537323DEED49005EBC27 /* hashpair.hpp */,
			);
			path = "automated-proving";
			sourceTree = "<group>";
		};
/* End PBXGroup section */

/* Begin PBXNativeTarget section */
		318F72F023DDBEAF00876069 /* automated-proving */ = {
			isa = PBXNativeTarget;
			buildConfigurationList = 318F72F823DDBEAF00876069 /* Build configuration list for PBXNativeTarget "automated-proving" */;
			buildPhases = (
				318F72ED23DDBEAF00876069 /* Sources */,
				318F72EE23DDBEAF00876069 /* Frameworks */,
				318F72EF23DDBEAF00876069 /* CopyFiles */,
			);
			buildRules = (
			);
			dependencies = (
			);
			name = "automated-proving";
			productName = "automated-proving";
			productReference = 318F72F123DDBEAF00876069 /* automated-proving */;
			productType = "com.apple.product-type.tool";
		};
/* End PBXNativeTarget section */

/* Begin PBXProject section */
		318F72E923DDBEAF00876069 /* Project object */ = {
			isa = PBXProject;
			attributes = {
				LastUpgradeCheck = 0820;
				ORGANIZATIONNAME = "Jesse Vogel";
				TargetAttributes = {
					318F72F023DDBEAF00876069 = {
						CreatedOnToolsVersion = 8.2.1;
						ProvisioningStyle = Automatic;
					};
				};
			};
			buildConfigurationList = 318F72EC23DDBEAF00876069 /* Build configuration list for PBXProject "automated-proving" */;
			compatibilityVersion = "Xcode 3.2";
			developmentRegion = English;
			hasScannedForEncodings = 0;
			knownRegions = (
				en,
			);
			mainGroup = 318F72E823DDBEAF00876069;
			productRefGroup = 318F72F223DDBEAF00876069 /* Products */;
			projectDirPath = "";
			projectRoot = "";
			targets = (
				318F72F023DDBEAF00876069 /* automated-proving */,
			);
		};
/* End PBXProject section */

/* Begin PBXSourcesBuildPhase section */
		318F72ED23DDBEAF00876069 /* Sources */ = {
			isa = PBXSourcesBuildPhase;
			buildActionMask = 2147483647;
			files = (
				318F72F523DDBEAF00876069 /* main.cpp in Sources */,
				318F730623DEC64600876069 /* prover.cpp in Sources */,
				318F730023DDC0CB00876069 /* heyting.cpp in Sources */,
				318F730323DEB71E00876069 /* tests.cpp in Sources */,
			);
			runOnlyForDeploymentPostprocessing = 0;
		};
/* End PBXSourcesBuildPhase section */

/* Begin XCBuildConfiguration section */
		318F72F623DDBEAF00876069 /* Debug */ = {
			isa = XCBuildConfiguration;
			buildSettings = {
				ALWAYS_SEARCH_USER_PATHS = NO;
				CLANG_ANALYZER_NONNULL = YES;
				CLANG_CXX_LANGUAGE_STANDARD = "gnu++0x";
				CLANG_CXX_LIBRARY = "libc++";
				CLANG_ENABLE_MODULES = YES;
				CLANG_ENABLE_OBJC_ARC = YES;
				CLANG_WARN_BOOL_CONVERSION = YES;
				CLANG_WARN_CONSTANT_CONVERSION = YES;
				CLANG_WARN_DIRECT_OBJC_ISA_USAGE = YES_ERROR;
				CLANG_WARN_DOCUMENTATION_COMMENTS = YES;
				CLANG_WARN_EMPTY_BODY = YES;
				CLANG_WARN_ENUM_CONVERSION = YES;
				CLANG_WARN_INFINITE_RECURSION = YES;
				CLANG_WARN_INT_CONVERSION = YES;
				CLANG_WARN_OBJC_ROOT_CLASS = YES_ERROR;
				CLANG_WARN_SUSPICIOUS_MOVE = YES;
				CLANG_WARN_UNREACHABLE_CODE = YES;
				CLANG_WARN__DUPLICATE_METHOD_MATCH = YES;
				CODE_SIGN_IDENTITY = "-";
				COPY_PHASE_STRIP = NO;
				DEBUG_INFORMATION_FORMAT = dwarf;
				ENABLE_STRICT_OBJC_MSGSEND = YES;
				ENABLE_TESTABILITY = YES;
				GCC_C_LANGUAGE_STANDARD = gnu99;
				GCC_DYNAMIC_NO_PIC = NO;
				GCC_NO_COMMON_BLOCKS = YES;
				GCC_OPTIMIZATION_LEVEL = 0;
				GCC_PREPROCESSOR_DEFINITIONS = (
					"DEBUG=1",
					"$(inherited)",
				);
				GCC_WARN_64_TO_32_BIT_CONVERSION = YES;
				GCC_WARN_ABOUT_RETURN_TYPE = YES_ERROR;
				GCC_WARN_UNDECLARED_SELECTOR = YES;
				GCC_WARN_UNINITIALIZED_AUTOS = YES_AGGRESSIVE;
				GCC_WARN_UNUSED_FUNCTION = YES;
				GCC_WARN_UNUSED_VARIABLE = YES;
				MACOSX_DEPLOYMENT_TARGET = 10.11;
				MTL_ENABLE_DEBUG_INFO = YES;
				ONLY_ACTIVE_ARCH = YES;
				SDKROOT = macosx;
			};
			name = Debug;
		};
		318F72F723DDBEAF00876069 /* Release */ = {
			isa = XCBuildConfiguration;
			buildSettings = {
				ALWAYS_SEARCH_USER_PATHS = NO;
				CLANG_ANALYZER_NONNULL = YES;
				CLANG_CXX_LANGUAGE_STANDARD = "gnu++0x";
				CLANG_CXX_LIBRARY = "libc++";
				CLANG_ENABLE_MODULES = YES;
				CLANG_ENABLE_OBJC_ARC = YES;
				CLANG_WARN_BOOL_CONVERSION = YES;
				CLANG_WARN_CONSTANT_CONVERSION = YES;
				CLANG_WARN_DIRECT_OBJC_ISA_USAGE = YES_ERROR;
				CLANG_WARN_DOCUMENTATION_COMMENTS = YES;
				CLANG_WARN_EMPTY_BODY = YES;
				CLANG_WARN_ENUM_CONVERSION = YES;
				CLANG_WARN_INFINITE_RECURSION = YES;
				CLANG_WARN_INT_CONVERSION = YES;
				CLANG_WARN_OBJC_ROOT_CLASS = YES_ERROR;
				CLANG_WARN_SUSPICIOUS_MOVE = YES;
				CLANG_WARN_UNREACHABLE_CODE = YES;
				CLANG_WARN__DUPLICATE_METHOD_MATCH = YES;
				CODE_SIGN_IDENTITY = "-";
				COPY_PHASE_STRIP = NO;
				DEBUG_INFORMATION_FORMAT = "dwarf-with-dsym";
				ENABLE_NS_ASSERTIONS = NO;
				ENABLE_STRICT_OBJC_MSGSEND = YES;
				GCC_C_LANGUAGE_STANDARD = gnu99;
				GCC_NO_COMMON_BLOCKS = YES;
				GCC_WARN_64_TO_32_BIT_CONVERSION = YES;
				GCC_WARN_ABOUT_RETURN_TYPE = YES_ERROR;
				GCC_WARN_UNDECLARED_SELECTOR = YES;
				GCC_WARN_UNINITIALIZED_AUTOS = YES_AGGRESSIVE;
				GCC_WARN_UNUSED_FUNCTION = YES;
				GCC_WARN_UNUSED_VARIABLE = YES;
				MACOSX_DEPLOYMENT_TARGET = 10.11;
				MTL_ENABLE_DEBUG_INFO = NO;
				SDKROOT = macosx;
			};
			name = Release;
		};
		318F72F923DDBEAF00876069 /* Debug */ = {
			isa = XCBuildConfiguration;
			buildSettings = {
				PRODUCT_NAME = "$(TARGET_NAME)";
			};
			name = Debug;
		};
		318F72FA23DDBEAF00876069 /* Release */ = {
			isa = XCBuildConfiguration;
			buildSettings = {
				PRODUCT_NAME = "$(TARGET_NAME)";
			};
			name = Release;
		};
/* End XCBuildConfiguration section */

/* Begin XCConfigurationList section */
		318F72EC23DDBEAF00876069 /* Build configuration list for PBXProject "automated-proving" */ = {
			isa = XCConfigurationList;
			buildConfigurations = (
				318F72F623DDBEAF00876069 /* Debug */,
				318F72F723DDBEAF00876069 /* Release */,
			);
			defaultConfigurationIsVisible = 0;
			defaultConfigurationName = Release;
		};
		318F72F823DDBEAF00876069 /* Build configuration list for PBXNativeTarget "automated-proving" */ = {
			isa = XCConfigurationList;
			buildConfigurations = (
				318F72F923DDBEAF00876069 /* Debug */,
				318F72FA23DDBEAF00876069 /* Release */,
			);
			defaultConfigurationIsVisible = 0;
			defaultConfigurationName = Release;
		};
/* End XCConfigurationList section */
	};
	rootObject = 318F72E923DDBEAF00876069 /* Project object */;
}
